PODS:
  - Alamofire (5.6.2)
  - Cache (6.0.0)
  - CleanJSON (1.0.9)

DEPENDENCIES:
  - Alamofire
  - Cache
  - CleanJSON

SPEC REPOS:
  trunk:
    - Alamofire
    - Cache
    - CleanJSON

SPEC CHECKSUMS:
  Alamofire: d368e1ff8a298e6dde360e35a3e68e6c610e7204
  Cache: 4ca7e00363fca5455f26534e5607634c820ffc2d
  CleanJSON: 910a36465ce4829e264a902ccf6d1455fdd9f980

PODFILE CHECKSUM: af7d9fd9d162f8479838008eff96a2516dada8bb

COCOAPODS: 1.11.3
