PODS:
  - Alamofire (5.4.1)
  - Cache (5.3.0)

DEPENDENCIES:
  - Alamofire
  - Cache

SPEC REPOS:
  trunk:
    - Alamofire
    - Cache

SPEC CHECKSUMS:
  Alamofire: 2291f7d21ca607c491dd17642e5d40fdcda0e65c
  Cache: 48762993ec44e1d93483c4d4a13edd18452326f4

PODFILE CHECKSUM: 0a404d1a3d17cae338c8b2c4b166edaa9877004b

COCOAPODS: 1.10.1
