PODS:
  - Alamofire (5.6.4)
  - Cache (6.0.0)
  - HandyJSON (5.0.4-beta)

DEPENDENCIES:
  - Alamofire (~> 5.6.2)
  - Cache (~> 6.0.0)
  - HandyJSON (~> 5.0.4-beta)

SPEC REPOS:
  trunk:
    - Alamofire
    - Cache
    - HandyJSON

SPEC CHECKSUMS:
  Alamofire: 4e95d97098eacb88856099c4fc79b526a299e48c
  Cache: 4ca7e00363fca5455f26534e5607634c820ffc2d
  HandyJSON: a9c67202df97805a0ba4a00e30b50e9a30ac28f3

PODFILE CHECKSUM: 4c236bb25a520aa68cdba11bd9983c1b3999c970

COCOAPODS: 1.11.3
